
Microsoft Visual Studio Solution File, Format Version 12.00
# Visual Studio Version 17
VisualStudioVersion = 17.6.33829.357
MinimumVisualStudioVersion = 10.0.40219.1
Project("{FAE04EC0-301F-11D3-BF4B-00C04F79EFBC}") = "MyCalendar", "MyCalendar.csproj", "{D25FDCC8-5DAF-422A-AC9E-DFA22897778E}"
EndProject
Global
	GlobalSection(SolutionConfigurationPlatforms) = preSolution
		Debug|Any CPU = Debug|Any CPU
		Release|Any CPU = Release|Any CPU
	EndGlobalSection
	GlobalSection(ProjectConfigurationPlatforms) = postSolution
		{D25FDCC8-5DAF-422A-AC9E-DFA22897778E}.Debug|Any CPU.ActiveCfg = Debug|Any CPU
		{D25FDCC8-5DAF-422A-AC9E-DFA22897778E}.Debug|Any CPU.Build.0 = Debug|Any CPU
		{D25FDCC8-5DAF-422A-AC9E-DFA22897778E}.Release|Any CPU.ActiveCfg = Release|Any CPU
		{D25FDCC8-5DAF-422A-AC9E-DFA22897778E}.Release|Any CPU.Build.0 = Release|Any CPU
	EndGlobalSection
	GlobalSection(SolutionProperties) = preSolution
		HideSolutionNode = FALSE
	EndGlobalSection
	GlobalSection(ExtensibilityGlobals) = postSolution
		SolutionGuid = {12B8F6A8-7FD7-4AD8-85B3-09D4DC6F93E4}
	EndGlobalSection
EndGlobal
